
Microsoft Visual Studio Solution File, Format Version 12.00
# Visual Studio Version 16
VisualStudioVersion = 16.0.31515.178
MinimumVisualStudioVersion = 10.0.40219.1
Project("{FAE04EC0-301F-11D3-BF4B-00C04F79EFBC}") = "itai", "itai\itai.csproj", "{689BB48A-72C6-4132-96BA-5938D852F3A9}"
EndProject
Global
	GlobalSection(SolutionConfigurationPlatforms) = preSolution
		Debug|Any CPU = Debug|Any CPU
		Release|Any CPU = Release|Any CPU
	EndGlobalSection
	GlobalSection(ProjectConfigurationPlatforms) = postSolution
		{689BB48A-72C6-4132-96BA-5938D852F3A9}.Debug|Any CPU.ActiveCfg = Debug|Any CPU
		{689BB48A-72C6-4132-96BA-5938D852F3A9}.Debug|Any CPU.Build.0 = Debug|Any CPU
		{689BB48A-72C6-4132-96BA-5938D852F3A9}.Release|Any CPU.ActiveCfg = Release|Any CPU
		{689BB48A-72C6-4132-96BA-5938D852F3A9}.Release|Any CPU.Build.0 = Release|Any CPU
	EndGlobalSection
	GlobalSection(SolutionProperties) = preSolution
		HideSolutionNode = FALSE
	EndGlobalSection
	GlobalSection(ExtensibilityGlobals) = postSolution
		SolutionGuid = {298D562E-DE85-4B8D-B791-AFB195406274}
	EndGlobalSection
EndGlobal
